
Microsoft Visual Studio Solution File, Format Version 12.00
Project("{FAE04EC0-301F-11D3-BF4B-00C04F79EFBC}") = "Auth", "Auth\Auth.csproj", "{D6CD791F-9125-42AD-8E63-D4F4A4D24424}"
EndProject
Project("{FAE04EC0-301F-11D3-BF4B-00C04F79EFBC}") = "Data.Access", "Data.Access\Data.Access.csproj", "{5996E008-2EC9-4457-9BD9-BB2B674D1607}"
EndProject
Project("{FAE04EC0-301F-11D3-BF4B-00C04F79EFBC}") = "Tests", "Tests\Tests.csproj", "{ECC0361A-2B1D-49BC-BE8F-55AC77AD8516}"
EndProject
Project("{FAE04EC0-301F-11D3-BF4B-00C04F79EFBC}") = "Common", "Common\Common.csproj", "{464F89BA-E0F9-49E3-A7E6-0D9766343C6C}"
EndProject
Global
	GlobalSection(SolutionConfigurationPlatforms) = preSolution
		Debug|Any CPU = Debug|Any CPU
		Release|Any CPU = Release|Any CPU
	EndGlobalSection
	GlobalSection(ProjectConfigurationPlatforms) = postSolution
		{D6CD791F-9125-42AD-8E63-D4F4A4D24424}.Debug|Any CPU.ActiveCfg = Debug|Any CPU
		{D6CD791F-9125-42AD-8E63-D4F4A4D24424}.Debug|Any CPU.Build.0 = Debug|Any CPU
		{D6CD791F-9125-42AD-8E63-D4F4A4D24424}.Release|Any CPU.ActiveCfg = Release|Any CPU
		{D6CD791F-9125-42AD-8E63-D4F4A4D24424}.Release|Any CPU.Build.0 = Release|Any CPU
		{5996E008-2EC9-4457-9BD9-BB2B674D1607}.Debug|Any CPU.ActiveCfg = Debug|Any CPU
		{5996E008-2EC9-4457-9BD9-BB2B674D1607}.Debug|Any CPU.Build.0 = Debug|Any CPU
		{5996E008-2EC9-4457-9BD9-BB2B674D1607}.Release|Any CPU.ActiveCfg = Release|Any CPU
		{5996E008-2EC9-4457-9BD9-BB2B674D1607}.Release|Any CPU.Build.0 = Release|Any CPU
		{ECC0361A-2B1D-49BC-BE8F-55AC77AD8516}.Debug|Any CPU.ActiveCfg = Debug|Any CPU
		{ECC0361A-2B1D-49BC-BE8F-55AC77AD8516}.Debug|Any CPU.Build.0 = Debug|Any CPU
		{ECC0361A-2B1D-49BC-BE8F-55AC77AD8516}.Release|Any CPU.ActiveCfg = Release|Any CPU
		{ECC0361A-2B1D-49BC-BE8F-55AC77AD8516}.Release|Any CPU.Build.0 = Release|Any CPU
		{464F89BA-E0F9-49E3-A7E6-0D9766343C6C}.Debug|Any CPU.ActiveCfg = Debug|Any CPU
		{464F89BA-E0F9-49E3-A7E6-0D9766343C6C}.Debug|Any CPU.Build.0 = Debug|Any CPU
		{464F89BA-E0F9-49E3-A7E6-0D9766343C6C}.Release|Any CPU.ActiveCfg = Release|Any CPU
		{464F89BA-E0F9-49E3-A7E6-0D9766343C6C}.Release|Any CPU.Build.0 = Release|Any CPU
	EndGlobalSection
EndGlobal
